PODS:
  - KCFaseSDKTest (1.0.4)

DEPENDENCIES:
  - KCFaseSDKTest (~> 1.0.4)

SPEC REPOS:
  https://github.com/cocoapods/specs.git:
    - KCFaseSDKTest

SPEC CHECKSUMS:
  KCFaseSDKTest: bbc3d87547e2ec6f23f37263511902be99a62e0a

PODFILE CHECKSUM: 22c5af58d34ede2459eb17e827836f09d92b9009

COCOAPODS: 1.7.0.rc.1
