PODS:
  - KCFaseSDKTest (1.0.3)

DEPENDENCIES:
  - KCFaseSDKTest (from `../KCFaseSDK/1.0.3/`)

EXTERNAL SOURCES:
  KCFaseSDKTest:
    :path: "../KCFaseSDK/1.0.3/"

SPEC CHECKSUMS:
  KCFaseSDKTest: 1405ebf6939bf31d9dead6082bde4b1a736267db

PODFILE CHECKSUM: a3cae9a17c47cf8a4cd436544992d16adc6b95e7

COCOAPODS: 1.6.1
