PODS:
  - KCFaseSDKTest (1.0.2)

DEPENDENCIES:
  - KCFaseSDKTest (from `../KCFaseSDK/`)

EXTERNAL SOURCES:
  KCFaseSDKTest:
    :path: "../KCFaseSDK/"

SPEC CHECKSUMS:
  KCFaseSDKTest: 3bc9ed87482d816fd831755d5641b8810ebec874

PODFILE CHECKSUM: 4b800d9a0053858f01dc50d41646ced22bdf157a

COCOAPODS: 1.6.1
